// !$*UTF8*$!
{
	archiveVersion = 1;
	classes = {
	};
	objectVersion = 46;
	objects = {

/* Begin PBXBuildFile section */
		0407A0661AF3D19F003739D5 /* UIImage+Additions.m in Sources */ = {isa = PBXBuildFile; fileRef = 0407A0651AF3D19F003739D5 /* UIImage+Additions.m */; };
		0407A0681AF3F1F5003739D5 /* time.png in Resources */ = {isa = PBXBuildFile; fileRef = 0407A0671AF3F1F5003739D5 /* time.png */; };
		049B69A51AF2F9EA00928EDC /* WCDataModel.xcdatamodeld in Sources */ = {isa = PBXBuildFile; fileRef = 049B69A31AF2F9EA00928EDC /* WCDataModel.xcdatamodeld */; };
		049B69A71AF3307F00928EDC /* CoreData.framework in Frameworks */ = {isa = PBXBuildFile; fileRef = 049B69A61AF3307F00928EDC /* CoreData.framework */; };
		04D5B15E1AF262B10049CEC3 /* main.m in Sources */ = {isa = PBXBuildFile; fileRef = 04D5B15D1AF262B10049CEC3 /* main.m */; };
		04D5B1611AF262B10049CEC3 /* AppDelegate.m in Sources */ = {isa = PBXBuildFile; fileRef = 04D5B1601AF262B10049CEC3 /* AppDelegate.m */; };
		04D5B1671AF262B10049CEC3 /* Main.storyboard in Resources */ = {isa = PBXBuildFile; fileRef = 04D5B1651AF262B10049CEC3 /* Main.storyboard */; };
		04D5B1691AF262B10049CEC3 /* Images.xcassets in Resources */ = {isa = PBXBuildFile; fileRef = 04D5B1681AF262B10049CEC3 /* Images.xcassets */; };
		04D5B16C1AF262B10049CEC3 /* LaunchScreen.xib in Resources */ = {isa = PBXBuildFile; fileRef = 04D5B16A1AF262B10049CEC3 /* LaunchScreen.xib */; };
		04D5B1781AF262B10049CEC3 /* WhisperChallengeTests.m in Sources */ = {isa = PBXBuildFile; fileRef = 04D5B1771AF262B10049CEC3 /* WhisperChallengeTests.m */; };
		04D5B1821AF262DB0049CEC3 /* Accounts.framework in Frameworks */ = {isa = PBXBuildFile; fileRef = 04D5B1811AF262DB0049CEC3 /* Accounts.framework */; };
		04D5B1841AF262E40049CEC3 /* Social.framework in Frameworks */ = {isa = PBXBuildFile; fileRef = 04D5B1831AF262E40049CEC3 /* Social.framework */; };
		04D5B1891AF263A60049CEC3 /* MainVC.m in Sources */ = {isa = PBXBuildFile; fileRef = 04D5B1881AF263A60049CEC3 /* MainVC.m */; };
		04D5B18C1AF288EF0049CEC3 /* TweetVC.m in Sources */ = {isa = PBXBuildFile; fileRef = 04D5B18B1AF288EF0049CEC3 /* TweetVC.m */; };
		04D5B18E1AF28B9E0049CEC3 /* back@2x.png in Resources */ = {isa = PBXBuildFile; fileRef = 04D5B18D1AF28B9E0049CEC3 /* back@2x.png */; };
		04D5B1931AF29ABF0049CEC3 /* CoreDataHelper.m in Sources */ = {isa = PBXBuildFile; fileRef = 04D5B1921AF29ABF0049CEC3 /* CoreDataHelper.m */; };
		04D5B1961AF29DAD0049CEC3 /* Tweet.m in Sources */ = {isa = PBXBuildFile; fileRef = 04D5B1951AF29DAD0049CEC3 /* Tweet.m */; };
		04D5B1981AF2A2100049CEC3 /* Bookmark@2x.png in Resources */ = {isa = PBXBuildFile; fileRef = 04D5B1971AF2A2100049CEC3 /* Bookmark@2x.png */; };
		04D5B1BB1AF2B8D90049CEC3 /* MKAnnotationView+WebCache.m in Sources */ = {isa = PBXBuildFile; fileRef = 04D5B19B1AF2B8D80049CEC3 /* MKAnnotationView+WebCache.m */; };
		04D5B1BC1AF2B8D90049CEC3 /* NSData+ImageContentType.m in Sources */ = {isa = PBXBuildFile; fileRef = 04D5B19D1AF2B8D80049CEC3 /* NSData+ImageContentType.m */; };
		04D5B1BD1AF2B8D90049CEC3 /* SDImageCache.m in Sources */ = {isa = PBXBuildFile; fileRef = 04D5B19F1AF2B8D80049CEC3 /* SDImageCache.m */; };
		04D5B1BE1AF2B8D90049CEC3 /* SDWebImageCompat.m in Sources */ = {isa = PBXBuildFile; fileRef = 04D5B1A11AF2B8D80049CEC3 /* SDWebImageCompat.m */; };
		04D5B1BF1AF2B8D90049CEC3 /* SDWebImageDecoder.m in Sources */ = {isa = PBXBuildFile; fileRef = 04D5B1A31AF2B8D80049CEC3 /* SDWebImageDecoder.m */; };
		04D5B1C01AF2B8D90049CEC3 /* SDWebImageDownloader.m in Sources */ = {isa = PBXBuildFile; fileRef = 04D5B1A51AF2B8D80049CEC3 /* SDWebImageDownloader.m */; };
		04D5B1C11AF2B8D90049CEC3 /* SDWebImageDownloaderOperation.m in Sources */ = {isa = PBXBuildFile; fileRef = 04D5B1A71AF2B8D80049CEC3 /* SDWebImageDownloaderOperation.m */; };
		04D5B1C21AF2B8D90049CEC3 /* SDWebImageManager.m in Sources */ = {isa = PBXBuildFile; fileRef = 04D5B1A91AF2B8D80049CEC3 /* SDWebImageManager.m */; };
		04D5B1C31AF2B8D90049CEC3 /* SDWebImagePrefetcher.m in Sources */ = {isa = PBXBuildFile; fileRef = 04D5B1AC1AF2B8D90049CEC3 /* SDWebImagePrefetcher.m */; };
		04D5B1C41AF2B8D90049CEC3 /* UIButton+WebCache.m in Sources */ = {isa = PBXBuildFile; fileRef = 04D5B1AE1AF2B8D90049CEC3 /* UIButton+WebCache.m */; };
		04D5B1C51AF2B8D90049CEC3 /* UIImage+GIF.m in Sources */ = {isa = PBXBuildFile; fileRef = 04D5B1B01AF2B8D90049CEC3 /* UIImage+GIF.m */; };
		04D5B1C61AF2B8D90049CEC3 /* UIImage+MultiFormat.m in Sources */ = {isa = PBXBuildFile; fileRef = 04D5B1B21AF2B8D90049CEC3 /* UIImage+MultiFormat.m */; };
		04D5B1C71AF2B8D90049CEC3 /* UIImage+WebP.m in Sources */ = {isa = PBXBuildFile; fileRef = 04D5B1B41AF2B8D90049CEC3 /* UIImage+WebP.m */; };
		04D5B1C81AF2B8D90049CEC3 /* UIImageView+HighlightedWebCache.m in Sources */ = {isa = PBXBuildFile; fileRef = 04D5B1B61AF2B8D90049CEC3 /* UIImageView+HighlightedWebCache.m */; };
		04D5B1C91AF2B8D90049CEC3 /* UIImageView+WebCache.m in Sources */ = {isa = PBXBuildFile; fileRef = 04D5B1B81AF2B8D90049CEC3 /* UIImageView+WebCache.m */; };
		04D5B1CA1AF2B8D90049CEC3 /* UIView+WebCacheOperation.m in Sources */ = {isa = PBXBuildFile; fileRef = 04D5B1BA1AF2B8D90049CEC3 /* UIView+WebCacheOperation.m */; };
/* End PBXBuildFile section */

/* Begin PBXContainerItemProxy section */
		04D5B1721AF262B10049CEC3 /* PBXContainerItemProxy */ = {
			isa = PBXContainerItemProxy;
			containerPortal = 04D5B1501AF262B10049CEC3 /* Project object */;
			proxyType = 1;
			remoteGlobalIDString = 04D5B1571AF262B10049CEC3;
			remoteInfo = WhisperChallenge;
		};
/* End PBXContainerItemProxy section */

/* Begin PBXFileReference section */
		0407A0641AF3D19F003739D5 /* UIImage+Additions.h */ = {isa = PBXFileReference; fileEncoding = 4; lastKnownFileType = sourcecode.c.h; path = "UIImage+Additions.h"; sourceTree = "<group>"; };
		0407A0651AF3D19F003739D5 /* UIImage+Additions.m */ = {isa = PBXFileReference; fileEncoding = 4; lastKnownFileType = sourcecode.c.objc; path = "UIImage+Additions.m"; sourceTree = "<group>"; };
		0407A0671AF3F1F5003739D5 /* time.png */ = {isa = PBXFileReference; lastKnownFileType = image.png; path = time.png; sourceTree = "<group>"; };
		049B69A41AF2F9EA00928EDC /* WCDataModel.xcdatamodel */ = {isa = PBXFileReference; lastKnownFileType = wrapper.xcdatamodel; path = WCDataModel.xcdatamodel; sourceTree = "<group>"; };
		049B69A61AF3307F00928EDC /* CoreData.framework */ = {isa = PBXFileReference; lastKnownFileType = wrapper.framework; name = CoreData.framework; path = System/Library/Frameworks/CoreData.framework; sourceTree = SDKROOT; };
		04D5B1581AF262B10049CEC3 /* WhisperChallenge.app */ = {isa = PBXFileReference; explicitFileType = wrapper.application; includeInIndex = 0; path = WhisperChallenge.app; sourceTree = BUILT_PRODUCTS_DIR; };
		04D5B15C1AF262B10049CEC3 /* Info.plist */ = {isa = PBXFileReference; lastKnownFileType = text.plist.xml; path = Info.plist; sourceTree = "<group>"; };
		04D5B15D1AF262B10049CEC3 /* main.m */ = {isa = PBXFileReference; lastKnownFileType = sourcecode.c.objc; path = main.m; sourceTree = "<group>"; };
		04D5B15F1AF262B10049CEC3 /* AppDelegate.h */ = {isa = PBXFileReference; lastKnownFileType = sourcecode.c.h; path = AppDelegate.h; sourceTree = "<group>"; };
		04D5B1601AF262B10049CEC3 /* AppDelegate.m */ = {isa = PBXFileReference; lastKnownFileType = sourcecode.c.objc; path = AppDelegate.m; sourceTree = "<group>"; };
		04D5B1661AF262B10049CEC3 /* Base */ = {isa = PBXFileReference; lastKnownFileType = file.storyboard; name = Base; path = Base.lproj/Main.storyboard; sourceTree = "<group>"; };
		04D5B1681AF262B10049CEC3 /* Images.xcassets */ = {isa = PBXFileReference; lastKnownFileType = folder.assetcatalog; path = Images.xcassets; sourceTree = "<group>"; };
		04D5B16B1AF262B10049CEC3 /* Base */ = {isa = PBXFileReference; lastKnownFileType = file.xib; name = Base; path = Base.lproj/LaunchScreen.xib; sourceTree = "<group>"; };
		04D5B1711AF262B10049CEC3 /* WhisperChallengeTests.xctest */ = {isa = PBXFileReference; explicitFileType = wrapper.cfbundle; includeInIndex = 0; path = WhisperChallengeTests.xctest; sourceTree = BUILT_PRODUCTS_DIR; };
		04D5B1761AF262B10049CEC3 /* Info.plist */ = {isa = PBXFileReference; lastKnownFileType = text.plist.xml; path = Info.plist; sourceTree = "<group>"; };
		04D5B1771AF262B10049CEC3 /* WhisperChallengeTests.m */ = {isa = PBXFileReference; lastKnownFileType = sourcecode.c.objc; path = WhisperChallengeTests.m; sourceTree = "<group>"; };
		04D5B1811AF262DB0049CEC3 /* Accounts.framework */ = {isa = PBXFileReference; lastKnownFileType = wrapper.framework; name = Accounts.framework; path = System/Library/Frameworks/Accounts.framework; sourceTree = SDKROOT; };
		04D5B1831AF262E40049CEC3 /* Social.framework */ = {isa = PBXFileReference; lastKnownFileType = wrapper.framework; name = Social.framework; path = System/Library/Frameworks/Social.framework; sourceTree = SDKROOT; };
		04D5B1871AF263A60049CEC3 /* MainVC.h */ = {isa = PBXFileReference; fileEncoding = 4; lastKnownFileType = sourcecode.c.h; name = MainVC.h; path = ViewControllers/MainVC.h; sourceTree = "<group>"; };
		04D5B1881AF263A60049CEC3 /* MainVC.m */ = {isa = PBXFileReference; fileEncoding = 4; lastKnownFileType = sourcecode.c.objc; name = MainVC.m; path = ViewControllers/MainVC.m; sourceTree = "<group>"; };
		04D5B18A1AF288EF0049CEC3 /* TweetVC.h */ = {isa = PBXFileReference; fileEncoding = 4; lastKnownFileType = sourcecode.c.h; name = TweetVC.h; path = ViewControllers/TweetVC.h; sourceTree = "<group>"; };
		04D5B18B1AF288EF0049CEC3 /* TweetVC.m */ = {isa = PBXFileReference; fileEncoding = 4; lastKnownFileType = sourcecode.c.objc; name = TweetVC.m; path = ViewControllers/TweetVC.m; sourceTree = "<group>"; };
		04D5B18D1AF28B9E0049CEC3 /* back@2x.png */ = {isa = PBXFileReference; lastKnownFileType = image.png; path = "back@2x.png"; sourceTree = "<group>"; };
		04D5B1911AF29ABF0049CEC3 /* CoreDataHelper.h */ = {isa = PBXFileReference; fileEncoding = 4; lastKnownFileType = sourcecode.c.h; name = CoreDataHelper.h; path = CustomObjects/CoreDataHelper.h; sourceTree = "<group>"; };
		04D5B1921AF29ABF0049CEC3 /* CoreDataHelper.m */ = {isa = PBXFileReference; fileEncoding = 4; lastKnownFileType = sourcecode.c.objc; name = CoreDataHelper.m; path = CustomObjects/CoreDataHelper.m; sourceTree = "<group>"; };
		04D5B1941AF29DAD0049CEC3 /* Tweet.h */ = {isa = PBXFileReference; fileEncoding = 4; lastKnownFileType = sourcecode.c.h; path = Tweet.h; sourceTree = "<group>"; };
		04D5B1951AF29DAD0049CEC3 /* Tweet.m */ = {isa = PBXFileReference; fileEncoding = 4; lastKnownFileType = sourcecode.c.objc; path = Tweet.m; sourceTree = "<group>"; };
		04D5B1971AF2A2100049CEC3 /* Bookmark@2x.png */ = {isa = PBXFileReference; lastKnownFileType = image.png; path = "Bookmark@2x.png"; sourceTree = "<group>"; };
		04D5B19A1AF2B8D80049CEC3 /* MKAnnotationView+WebCache.h */ = {isa = PBXFileReference; fileEncoding = 4; lastKnownFileType = sourcecode.c.h; path = "MKAnnotationView+WebCache.h"; sourceTree = "<group>"; };
		04D5B19B1AF2B8D80049CEC3 /* MKAnnotationView+WebCache.m */ = {isa = PBXFileReference; fileEncoding = 4; lastKnownFileType = sourcecode.c.objc; path = "MKAnnotationView+WebCache.m"; sourceTree = "<group>"; };
		04D5B19C1AF2B8D80049CEC3 /* NSData+ImageContentType.h */ = {isa = PBXFileReference; fileEncoding = 4; lastKnownFileType = sourcecode.c.h; path = "NSData+ImageContentType.h"; sourceTree = "<group>"; };
		04D5B19D1AF2B8D80049CEC3 /* NSData+ImageContentType.m */ = {isa = PBXFileReference; fileEncoding = 4; lastKnownFileType = sourcecode.c.objc; path = "NSData+ImageContentType.m"; sourceTree = "<group>"; };
		04D5B19E1AF2B8D80049CEC3 /* SDImageCache.h */ = {isa = PBXFileReference; fileEncoding = 4; lastKnownFileType = sourcecode.c.h; path = SDImageCache.h; sourceTree = "<group>"; };
		04D5B19F1AF2B8D80049CEC3 /* SDImageCache.m */ = {isa = PBXFileReference; fileEncoding = 4; lastKnownFileType = sourcecode.c.objc; path = SDImageCache.m; sourceTree = "<group>"; };
		04D5B1A01AF2B8D80049CEC3 /* SDWebImageCompat.h */ = {isa = PBXFileReference; fileEncoding = 4; lastKnownFileType = sourcecode.c.h; path = SDWebImageCompat.h; sourceTree = "<group>"; };
		04D5B1A11AF2B8D80049CEC3 /* SDWebImageCompat.m */ = {isa = PBXFileReference; fileEncoding = 4; lastKnownFileType = sourcecode.c.objc; path = SDWebImageCompat.m; sourceTree = "<group>"; };
		04D5B1A21AF2B8D80049CEC3 /* SDWebImageDecoder.h */ = {isa = PBXFileReference; fileEncoding = 4; lastKnownFileType = sourcecode.c.h; path = SDWebImageDecoder.h; sourceTree = "<group>"; };
		04D5B1A31AF2B8D80049CEC3 /* SDWebImageDecoder.m */ = {isa = PBXFileReference; fileEncoding = 4; lastKnownFileType = sourcecode.c.objc; path = SDWebImageDecoder.m; sourceTree = "<group>"; };
		04D5B1A41AF2B8D80049CEC3 /* SDWebImageDownloader.h */ = {isa = PBXFileReference; fileEncoding = 4; lastKnownFileType = sourcecode.c.h; path = SDWebImageDownloader.h; sourceTree = "<group>"; };
		04D5B1A51AF2B8D80049CEC3 /* SDWebImageDownloader.m */ = {isa = PBXFileReference; fileEncoding = 4; lastKnownFileType = sourcecode.c.objc; path = SDWebImageDownloader.m; sourceTree = "<group>"; };
		04D5B1A61AF2B8D80049CEC3 /* SDWebImageDownloaderOperation.h */ = {isa = PBXFileReference; fileEncoding = 4; lastKnownFileType = sourcecode.c.h; path = SDWebImageDownloaderOperation.h; sourceTree = "<group>"; };
		04D5B1A71AF2B8D80049CEC3 /* SDWebImageDownloaderOperation.m */ = {isa = PBXFileReference; fileEncoding = 4; lastKnownFileType = sourcecode.c.objc; path = SDWebImageDownloaderOperation.m; sourceTree = "<group>"; };
		04D5B1A81AF2B8D80049CEC3 /* SDWebImageManager.h */ = {isa = PBXFileReference; fileEncoding = 4; lastKnownFileType = sourcecode.c.h; path = SDWebImageManager.h; sourceTree = "<group>"; };
		04D5B1A91AF2B8D80049CEC3 /* SDWebImageManager.m */ = {isa = PBXFileReference; fileEncoding = 4; lastKnownFileType = sourcecode.c.objc; path = SDWebImageManager.m; sourceTree = "<group>"; };
		04D5B1AA1AF2B8D80049CEC3 /* SDWebImageOperation.h */ = {isa = PBXFileReference; fileEncoding = 4; lastKnownFileType = sourcecode.c.h; path = SDWebImageOperation.h; sourceTree = "<group>"; };
		04D5B1AB1AF2B8D80049CEC3 /* SDWebImagePrefetcher.h */ = {isa = PBXFileReference; fileEncoding = 4; lastKnownFileType = sourcecode.c.h; path = SDWebImagePrefetcher.h; sourceTree = "<group>"; };
		04D5B1AC1AF2B8D90049CEC3 /* SDWebImagePrefetcher.m */ = {isa = PBXFileReference; fileEncoding = 4; lastKnownFileType = sourcecode.c.objc; path = SDWebImagePrefetcher.m; sourceTree = "<group>"; };
		04D5B1AD1AF2B8D90049CEC3 /* UIButton+WebCache.h */ = {isa = PBXFileReference; fileEncoding = 4; lastKnownFileType = sourcecode.c.h; path = "UIButton+WebCache.h"; sourceTree = "<group>"; };
		04D5B1AE1AF2B8D90049CEC3 /* UIButton+WebCache.m */ = {isa = PBXFileReference; fileEncoding = 4; lastKnownFileType = sourcecode.c.objc; path = "UIButton+WebCache.m"; sourceTree = "<group>"; };
		04D5B1AF1AF2B8D90049CEC3 /* UIImage+GIF.h */ = {isa = PBXFileReference; fileEncoding = 4; lastKnownFileType = sourcecode.c.h; path = "UIImage+GIF.h"; sourceTree = "<group>"; };
		04D5B1B01AF2B8D90049CEC3 /* UIImage+GIF.m */ = {isa = PBXFileReference; fileEncoding = 4; lastKnownFileType = sourcecode.c.objc; path = "UIImage+GIF.m"; sourceTree = "<group>"; };
		04D5B1B11AF2B8D90049CEC3 /* UIImage+MultiFormat.h */ = {isa = PBXFileReference; fileEncoding = 4; lastKnownFileType = sourcecode.c.h; path = "UIImage+MultiFormat.h"; sourceTree = "<group>"; };
		04D5B1B21AF2B8D90049CEC3 /* UIImage+MultiFormat.m */ = {isa = PBXFileReference; fileEncoding = 4; lastKnownFileType = sourcecode.c.objc; path = "UIImage+MultiFormat.m"; sourceTree = "<group>"; };
		04D5B1B31AF2B8D90049CEC3 /* UIImage+WebP.h */ = {isa = PBXFileReference; fileEncoding = 4; lastKnownFileType = sourcecode.c.h; path = "UIImage+WebP.h"; sourceTree = "<group>"; };
		04D5B1B41AF2B8D90049CEC3 /* UIImage+WebP.m */ = {isa = PBXFileReference; fileEncoding = 4; lastKnownFileType = sourcecode.c.objc; path = "UIImage+WebP.m"; sourceTree = "<group>"; };
		04D5B1B51AF2B8D90049CEC3 /* UIImageView+HighlightedWebCache.h */ = {isa = PBXFileReference; fileEncoding = 4; lastKnownFileType = sourcecode.c.h; path = "UIImageView+HighlightedWebCache.h"; sourceTree = "<group>"; };
		04D5B1B61AF2B8D90049CEC3 /* UIImageView+HighlightedWebCache.m */ = {isa = PBXFileReference; fileEncoding = 4; lastKnownFileType = sourcecode.c.objc; path = "UIImageView+HighlightedWebCache.m"; sourceTree = "<group>"; };
		04D5B1B71AF2B8D90049CEC3 /* UIImageView+WebCache.h */ = {isa = PBXFileReference; fileEncoding = 4; lastKnownFileType = sourcecode.c.h; path = "UIImageView+WebCache.h"; sourceTree = "<group>"; };
		04D5B1B81AF2B8D90049CEC3 /* UIImageView+WebCache.m */ = {isa = PBXFileReference; fileEncoding = 4; lastKnownFileType = sourcecode.c.objc; path = "UIImageView+WebCache.m"; sourceTree = "<group>"; };
		04D5B1B91AF2B8D90049CEC3 /* UIView+WebCacheOperation.h */ = {isa = PBXFileReference; fileEncoding = 4; lastKnownFileType = sourcecode.c.h; path = "UIView+WebCacheOperation.h"; sourceTree = "<group>"; };
		04D5B1BA1AF2B8D90049CEC3 /* UIView+WebCacheOperation.m */ = {isa = PBXFileReference; fileEncoding = 4; lastKnownFileType = sourcecode.c.objc; path = "UIView+WebCacheOperation.m"; sourceTree = "<group>"; };
/* End PBXFileReference section */

/* Begin PBXFrameworksBuildPhase section */
		04D5B1551AF262B10049CEC3 /* Frameworks */ = {
			isa = PBXFrameworksBuildPhase;
			buildActionMask = 2147483647;
			files = (
				049B69A71AF3307F00928EDC /* CoreData.framework in Frameworks */,
				04D5B1841AF262E40049CEC3 /* Social.framework in Frameworks */,
				04D5B1821AF262DB0049CEC3 /* Accounts.framework in Frameworks */,
			);
			runOnlyForDeploymentPostprocessing = 0;
		};
		04D5B16E1AF262B10049CEC3 /* Frameworks */ = {
			isa = PBXFrameworksBuildPhase;
			buildActionMask = 2147483647;
			files = (
			);
			runOnlyForDeploymentPostprocessing = 0;
		};
/* End PBXFrameworksBuildPhase section */

/* Begin PBXGroup section */
		04D5B14F1AF262B10049CEC3 = {
			isa = PBXGroup;
			children = (
				04D5B15A1AF262B10049CEC3 /* WhisperChallenge */,
				04D5B1741AF262B10049CEC3 /* WhisperChallengeTests */,
				04D5B1591AF262B10049CEC3 /* Products */,
			);
			sourceTree = "<group>";
		};
		04D5B1591AF262B10049CEC3 /* Products */ = {
			isa = PBXGroup;
			children = (
				04D5B1581AF262B10049CEC3 /* WhisperChallenge.app */,
				04D5B1711AF262B10049CEC3 /* WhisperChallengeTests.xctest */,
			);
			name = Products;
			sourceTree = "<group>";
		};
		04D5B15A1AF262B10049CEC3 /* WhisperChallenge */ = {
			isa = PBXGroup;
			children = (
				049B69A31AF2F9EA00928EDC /* WCDataModel.xcdatamodeld */,
				04D5B15F1AF262B10049CEC3 /* AppDelegate.h */,
				04D5B1601AF262B10049CEC3 /* AppDelegate.m */,
				04D5B1861AF263090049CEC3 /* ViewControllers */,
				04D5B1901AF29A8F0049CEC3 /* Custom Objects */,
				04D5B1651AF262B10049CEC3 /* Main.storyboard */,
				04D5B1681AF262B10049CEC3 /* Images.xcassets */,
				04D5B16A1AF262B10049CEC3 /* LaunchScreen.xib */,
				04D5B18F1AF28BAA0049CEC3 /* Resources */,
				04D5B1851AF262F30049CEC3 /* Frameworks */,
				04D5B15B1AF262B10049CEC3 /* Supporting Files */,
			);
			path = WhisperChallenge;
			sourceTree = "<group>";
		};
		04D5B15B1AF262B10049CEC3 /* Supporting Files */ = {
			isa = PBXGroup;
			children = (
				04D5B15C1AF262B10049CEC3 /* Info.plist */,
				04D5B15D1AF262B10049CEC3 /* main.m */,
			);
			name = "Supporting Files";
			sourceTree = "<group>";
		};
		04D5B1741AF262B10049CEC3 /* WhisperChallengeTests */ = {
			isa = PBXGroup;
			children = (
				04D5B1771AF262B10049CEC3 /* WhisperChallengeTests.m */,
				04D5B1751AF262B10049CEC3 /* Supporting Files */,
			);
			path = WhisperChallengeTests;
			sourceTree = "<group>";
		};
		04D5B1751AF262B10049CEC3 /* Supporting Files */ = {
			isa = PBXGroup;
			children = (
				04D5B1761AF262B10049CEC3 /* Info.plist */,
			);
			name = "Supporting Files";
			sourceTree = "<group>";
		};
		04D5B1851AF262F30049CEC3 /* Frameworks */ = {
			isa = PBXGroup;
			children = (
				04D5B1991AF2B8D80049CEC3 /* SDWebImage */,
				049B69A61AF3307F00928EDC /* CoreData.framework */,
				04D5B1831AF262E40049CEC3 /* Social.framework */,
				04D5B1811AF262DB0049CEC3 /* Accounts.framework */,
			);
			name = Frameworks;
			sourceTree = "<group>";
		};
		04D5B1861AF263090049CEC3 /* ViewControllers */ = {
			isa = PBXGroup;
			children = (
				04D5B1871AF263A60049CEC3 /* MainVC.h */,
				04D5B1881AF263A60049CEC3 /* MainVC.m */,
				04D5B18A1AF288EF0049CEC3 /* TweetVC.h */,
				04D5B18B1AF288EF0049CEC3 /* TweetVC.m */,
			);
			name = ViewControllers;
			sourceTree = "<group>";
		};
		04D5B18F1AF28BAA0049CEC3 /* Resources */ = {
			isa = PBXGroup;
			children = (
				0407A0671AF3F1F5003739D5 /* time.png */,
				04D5B18D1AF28B9E0049CEC3 /* back@2x.png */,
				04D5B1971AF2A2100049CEC3 /* Bookmark@2x.png */,
			);
			name = Resources;
			sourceTree = "<group>";
		};
		04D5B1901AF29A8F0049CEC3 /* Custom Objects */ = {
			isa = PBXGroup;
			children = (
				04D5B1911AF29ABF0049CEC3 /* CoreDataHelper.h */,
				04D5B1921AF29ABF0049CEC3 /* CoreDataHelper.m */,
				04D5B1941AF29DAD0049CEC3 /* Tweet.h */,
				04D5B1951AF29DAD0049CEC3 /* Tweet.m */,
				0407A0641AF3D19F003739D5 /* UIImage+Additions.h */,
				0407A0651AF3D19F003739D5 /* UIImage+Additions.m */,
			);
			name = "Custom Objects";
			sourceTree = "<group>";
		};
		04D5B1991AF2B8D80049CEC3 /* SDWebImage */ = {
			isa = PBXGroup;
			children = (
				04D5B19A1AF2B8D80049CEC3 /* MKAnnotationView+WebCache.h */,
				04D5B19B1AF2B8D80049CEC3 /* MKAnnotationView+WebCache.m */,
				04D5B19C1AF2B8D80049CEC3 /* NSData+ImageContentType.h */,
				04D5B19D1AF2B8D80049CEC3 /* NSData+ImageContentType.m */,
				04D5B19E1AF2B8D80049CEC3 /* SDImageCache.h */,
				04D5B19F1AF2B8D80049CEC3 /* SDImageCache.m */,
				04D5B1A01AF2B8D80049CEC3 /* SDWebImageCompat.h */,
				04D5B1A11AF2B8D80049CEC3 /* SDWebImageCompat.m */,
				04D5B1A21AF2B8D80049CEC3 /* SDWebImageDecoder.h */,
				04D5B1A31AF2B8D80049CEC3 /* SDWebImageDecoder.m */,
				04D5B1A41AF2B8D80049CEC3 /* SDWebImageDownloader.h */,
				04D5B1A51AF2B8D80049CEC3 /* SDWebImageDownloader.m */,
				04D5B1A61AF2B8D80049CEC3 /* SDWebImageDownloaderOperation.h */,
				04D5B1A71AF2B8D80049CEC3 /* SDWebImageDownloaderOperation.m */,
				04D5B1A81AF2B8D80049CEC3 /* SDWebImageManager.h */,
				04D5B1A91AF2B8D80049CEC3 /* SDWebImageManager.m */,
				04D5B1AA1AF2B8D80049CEC3 /* SDWebImageOperation.h */,
				04D5B1AB1AF2B8D80049CEC3 /* SDWebImagePrefetcher.h */,
				04D5B1AC1AF2B8D90049CEC3 /* SDWebImagePrefetcher.m */,
				04D5B1AD1AF2B8D90049CEC3 /* UIButton+WebCache.h */,
				04D5B1AE1AF2B8D90049CEC3 /* UIButton+WebCache.m */,
				04D5B1AF1AF2B8D90049CEC3 /* UIImage+GIF.h */,
				04D5B1B01AF2B8D90049CEC3 /* UIImage+GIF.m */,
				04D5B1B11AF2B8D90049CEC3 /* UIImage+MultiFormat.h */,
				04D5B1B21AF2B8D90049CEC3 /* UIImage+MultiFormat.m */,
				04D5B1B31AF2B8D90049CEC3 /* UIImage+WebP.h */,
				04D5B1B41AF2B8D90049CEC3 /* UIImage+WebP.m */,
				04D5B1B51AF2B8D90049CEC3 /* UIImageView+HighlightedWebCache.h */,
				04D5B1B61AF2B8D90049CEC3 /* UIImageView+HighlightedWebCache.m */,
				04D5B1B71AF2B8D90049CEC3 /* UIImageView+WebCache.h */,
				04D5B1B81AF2B8D90049CEC3 /* UIImageView+WebCache.m */,
				04D5B1B91AF2B8D90049CEC3 /* UIView+WebCacheOperation.h */,
				04D5B1BA1AF2B8D90049CEC3 /* UIView+WebCacheOperation.m */,
			);
			path = SDWebImage;
			sourceTree = "<group>";
		};
/* End PBXGroup section */

/* Begin PBXNativeTarget section */
		04D5B1571AF262B10049CEC3 /* WhisperChallenge */ = {
			isa = PBXNativeTarget;
			buildConfigurationList = 04D5B17B1AF262B10049CEC3 /* Build configuration list for PBXNativeTarget "WhisperChallenge" */;
			buildPhases = (
				04D5B1541AF262B10049CEC3 /* Sources */,
				04D5B1551AF262B10049CEC3 /* Frameworks */,
				04D5B1561AF262B10049CEC3 /* Resources */,
			);
			buildRules = (
			);
			dependencies = (
			);
			name = WhisperChallenge;
			productName = WhisperChallenge;
			productReference = 04D5B1581AF262B10049CEC3 /* WhisperChallenge.app */;
			productType = "com.apple.product-type.application";
		};
		04D5B1701AF262B10049CEC3 /* WhisperChallengeTests */ = {
			isa = PBXNativeTarget;
			buildConfigurationList = 04D5B17E1AF262B10049CEC3 /* Build configuration list for PBXNativeTarget "WhisperChallengeTests" */;
			buildPhases = (
				04D5B16D1AF262B10049CEC3 /* Sources */,
				04D5B16E1AF262B10049CEC3 /* Frameworks */,
				04D5B16F1AF262B10049CEC3 /* Resources */,
			);
			buildRules = (
			);
			dependencies = (
				04D5B1731AF262B10049CEC3 /* PBXTargetDependency */,
			);
			name = WhisperChallengeTests;
			productName = WhisperChallengeTests;
			productReference = 04D5B1711AF262B10049CEC3 /* WhisperChallengeTests.xctest */;
			productType = "com.apple.product-type.bundle.unit-test";
		};
/* End PBXNativeTarget section */

/* Begin PBXProject section */
		04D5B1501AF262B10049CEC3 /* Project object */ = {
			isa = PBXProject;
			attributes = {
				LastUpgradeCheck = 0630;
				ORGANIZATIONNAME = "Jackson Jessup";
				TargetAttributes = {
					04D5B1571AF262B10049CEC3 = {
						CreatedOnToolsVersion = 6.3;
					};
					04D5B1701AF262B10049CEC3 = {
						CreatedOnToolsVersion = 6.3;
						TestTargetID = 04D5B1571AF262B10049CEC3;
					};
				};
			};
			buildConfigurationList = 04D5B1531AF262B10049CEC3 /* Build configuration list for PBXProject "WhisperChallenge" */;
			compatibilityVersion = "Xcode 3.2";
			developmentRegion = English;
			hasScannedForEncodings = 0;
			knownRegions = (
				en,
				Base,
			);
			mainGroup = 04D5B14F1AF262B10049CEC3;
			productRefGroup = 04D5B1591AF262B10049CEC3 /* Products */;
			projectDirPath = "";
			projectRoot = "";
			targets = (
				04D5B1571AF262B10049CEC3 /* WhisperChallenge */,
				04D5B1701AF262B10049CEC3 /* WhisperChallengeTests */,
			);
		};
/* End PBXProject section */

/* Begin PBXResourcesBuildPhase section */
		04D5B1561AF262B10049CEC3 /* Resources */ = {
			isa = PBXResourcesBuildPhase;
			buildActionMask = 2147483647;
			files = (
				04D5B1671AF262B10049CEC3 /* Main.storyboard in Resources */,
				04D5B1981AF2A2100049CEC3 /* Bookmark@2x.png in Resources */,
				0407A0681AF3F1F5003739D5 /* time.png in Resources */,
				04D5B18E1AF28B9E0049CEC3 /* back@2x.png in Resources */,
				04D5B16C1AF262B10049CEC3 /* LaunchScreen.xib in Resources */,
				04D5B1691AF262B10049CEC3 /* Images.xcassets in Resources */,
			);
			runOnlyForDeploymentPostprocessing = 0;
		};
		04D5B16F1AF262B10049CEC3 /* Resources */ = {
			isa = PBXResourcesBuildPhase;
			buildActionMask = 2147483647;
			files = (
			);
			runOnlyForDeploymentPostprocessing = 0;
		};
/* End PBXResourcesBuildPhase section */

/* Begin PBXSourcesBuildPhase section */
		04D5B1541AF262B10049CEC3 /* Sources */ = {
			isa = PBXSourcesBuildPhase;
			buildActionMask = 2147483647;
			files = (
				04D5B1891AF263A60049CEC3 /* MainVC.m in Sources */,
				0407A0661AF3D19F003739D5 /* UIImage+Additions.m in Sources */,
				04D5B1C21AF2B8D90049CEC3 /* SDWebImageManager.m in Sources */,
				04D5B1BD1AF2B8D90049CEC3 /* SDImageCache.m in Sources */,
				04D5B1C11AF2B8D90049CEC3 /* SDWebImageDownloaderOperation.m in Sources */,
				04D5B1CA1AF2B8D90049CEC3 /* UIView+WebCacheOperation.m in Sources */,
				04D5B1611AF262B10049CEC3 /* AppDelegate.m in Sources */,
				04D5B1C41AF2B8D90049CEC3 /* UIButton+WebCache.m in Sources */,
				04D5B1BC1AF2B8D90049CEC3 /* NSData+ImageContentType.m in Sources */,
				04D5B1C31AF2B8D90049CEC3 /* SDWebImagePrefetcher.m in Sources */,
				04D5B1C01AF2B8D90049CEC3 /* SDWebImageDownloader.m in Sources */,
				04D5B18C1AF288EF0049CEC3 /* TweetVC.m in Sources */,
				04D5B1C71AF2B8D90049CEC3 /* UIImage+WebP.m in Sources */,
				04D5B1C91AF2B8D90049CEC3 /* UIImageView+WebCache.m in Sources */,
				04D5B1BF1AF2B8D90049CEC3 /* SDWebImageDecoder.m in Sources */,
				04D5B1961AF29DAD0049CEC3 /* Tweet.m in Sources */,
				04D5B1BB1AF2B8D90049CEC3 /* MKAnnotationView+WebCache.m in Sources */,
				049B69A51AF2F9EA00928EDC /* WCDataModel.xcdatamodeld in Sources */,
				04D5B1BE1AF2B8D90049CEC3 /* SDWebImageCompat.m in Sources */,
				04D5B1931AF29ABF0049CEC3 /* CoreDataHelper.m in Sources */,
				04D5B15E1AF262B10049CEC3 /* main.m in Sources */,
				04D5B1C61AF2B8D90049CEC3 /* UIImage+MultiFormat.m in Sources */,
				04D5B1C81AF2B8D90049CEC3 /* UIImageView+HighlightedWebCache.m in Sources */,
				04D5B1C51AF2B8D90049CEC3 /* UIImage+GIF.m in Sources */,
			);
			runOnlyForDeploymentPostprocessing = 0;
		};
		04D5B16D1AF262B10049CEC3 /* Sources */ = {
			isa = PBXSourcesBuildPhase;
			buildActionMask = 2147483647;
			files = (
				04D5B1781AF262B10049CEC3 /* WhisperChallengeTests.m in Sources */,
			);
			runOnlyForDeploymentPostprocessing = 0;
		};
/* End PBXSourcesBuildPhase section */

/* Begin PBXTargetDependency section */
		04D5B1731AF262B10049CEC3 /* PBXTargetDependency */ = {
			isa = PBXTargetDependency;
			target = 04D5B1571AF262B10049CEC3 /* WhisperChallenge */;
			targetProxy = 04D5B1721AF262B10049CEC3 /* PBXContainerItemProxy */;
		};
/* End PBXTargetDependency section */

/* Begin PBXVariantGroup section */
		04D5B1651AF262B10049CEC3 /* Main.storyboard */ = {
			isa = PBXVariantGroup;
			children = (
				04D5B1661AF262B10049CEC3 /* Base */,
			);
			name = Main.storyboard;
			sourceTree = "<group>";
		};
		04D5B16A1AF262B10049CEC3 /* LaunchScreen.xib */ = {
			isa = PBXVariantGroup;
			children = (
				04D5B16B1AF262B10049CEC3 /* Base */,
			);
			name = LaunchScreen.xib;
			sourceTree = "<group>";
		};
/* End PBXVariantGroup section */

/* Begin XCBuildConfiguration section */
		04D5B1791AF262B10049CEC3 /* Debug */ = {
			isa = XCBuildConfiguration;
			buildSettings = {
				ALWAYS_SEARCH_USER_PATHS = NO;
				CLANG_CXX_LANGUAGE_STANDARD = "gnu++0x";
				CLANG_CXX_LIBRARY = "libc++";
				CLANG_ENABLE_MODULES = YES;
				CLANG_ENABLE_OBJC_ARC = YES;
				CLANG_WARN_BOOL_CONVERSION = YES;
				CLANG_WARN_CONSTANT_CONVERSION = YES;
				CLANG_WARN_DIRECT_OBJC_ISA_USAGE = YES_ERROR;
				CLANG_WARN_EMPTY_BODY = YES;
				CLANG_WARN_ENUM_CONVERSION = YES;
				CLANG_WARN_INT_CONVERSION = YES;
				CLANG_WARN_OBJC_ROOT_CLASS = YES_ERROR;
				CLANG_WARN_UNREACHABLE_CODE = YES;
				CLANG_WARN__DUPLICATE_METHOD_MATCH = YES;
				"CODE_SIGN_IDENTITY[sdk=iphoneos*]" = "iPhone Developer";
				COPY_PHASE_STRIP = NO;
				DEBUG_INFORMATION_FORMAT = "dwarf-with-dsym";
				ENABLE_STRICT_OBJC_MSGSEND = YES;
				GCC_C_LANGUAGE_STANDARD = gnu99;
				GCC_DYNAMIC_NO_PIC = NO;
				GCC_NO_COMMON_BLOCKS = YES;
				GCC_OPTIMIZATION_LEVEL = 0;
				GCC_PREPROCESSOR_DEFINITIONS = (
					"DEBUG=1",
					"$(inherited)",
				);
				GCC_SYMBOLS_PRIVATE_EXTERN = NO;
				GCC_WARN_64_TO_32_BIT_CONVERSION = YES;
				GCC_WARN_ABOUT_RETURN_TYPE = YES_ERROR;
				GCC_WARN_UNDECLARED_SELECTOR = YES;
				GCC_WARN_UNINITIALIZED_AUTOS = YES_AGGRESSIVE;
				GCC_WARN_UNUSED_FUNCTION = YES;
				GCC_WARN_UNUSED_VARIABLE = YES;
				IPHONEOS_DEPLOYMENT_TARGET = 8.3;
				MTL_ENABLE_DEBUG_INFO = YES;
				ONLY_ACTIVE_ARCH = YES;
				SDKROOT = iphoneos;
			};
			name = Debug;
		};
		04D5B17A1AF262B10049CEC3 /* Release */ = {
			isa = XCBuildConfiguration;
			buildSettings = {
				ALWAYS_SEARCH_USER_PATHS = NO;
				CLANG_CXX_LANGUAGE_STANDARD = "gnu++0x";
				CLANG_CXX_LIBRARY = "libc++";
				CLANG_ENABLE_MODULES = YES;
				CLANG_ENABLE_OBJC_ARC = YES;
				CLANG_WARN_BOOL_CONVERSION = YES;
				CLANG_WARN_CONSTANT_CONVERSION = YES;
				CLANG_WARN_DIRECT_OBJC_ISA_USAGE = YES_ERROR;
				CLANG_WARN_EMPTY_BODY = YES;
				CLANG_WARN_ENUM_CONVERSION = YES;
				CLANG_WARN_INT_CONVERSION = YES;
				CLANG_WARN_OBJC_ROOT_CLASS = YES_ERROR;
				CLANG_WARN_UNREACHABLE_CODE = YES;
				CLANG_WARN__DUPLICATE_METHOD_MATCH = YES;
				"CODE_SIGN_IDENTITY[sdk=iphoneos*]" = "iPhone Developer";
				COPY_PHASE_STRIP = NO;
				DEBUG_INFORMATION_FORMAT = "dwarf-with-dsym";
				ENABLE_NS_ASSERTIONS = NO;
				ENABLE_STRICT_OBJC_MSGSEND = YES;
				GCC_C_LANGUAGE_STANDARD = gnu99;
				GCC_NO_COMMON_BLOCKS = YES;
				GCC_WARN_64_TO_32_BIT_CONVERSION = YES;
				GCC_WARN_ABOUT_RETURN_TYPE = YES_ERROR;
				GCC_WARN_UNDECLARED_SELECTOR = YES;
				GCC_WARN_UNINITIALIZED_AUTOS = YES_AGGRESSIVE;
				GCC_WARN_UNUSED_FUNCTION = YES;
				GCC_WARN_UNUSED_VARIABLE = YES;
				IPHONEOS_DEPLOYMENT_TARGET = 8.3;
				MTL_ENABLE_DEBUG_INFO = NO;
				SDKROOT = iphoneos;
				VALIDATE_PRODUCT = YES;
			};
			name = Release;
		};
		04D5B17C1AF262B10049CEC3 /* Debug */ = {
			isa = XCBuildConfiguration;
			buildSettings = {
				ASSETCATALOG_COMPILER_APPICON_NAME = AppIcon;
				INFOPLIST_FILE = WhisperChallenge/Info.plist;
				LD_RUNPATH_SEARCH_PATHS = "$(inherited) @executable_path/Frameworks";
				PRODUCT_NAME = "$(TARGET_NAME)";
			};
			name = Debug;
		};
		04D5B17D1AF262B10049CEC3 /* Release */ = {
			isa = XCBuildConfiguration;
			buildSettings = {
				ASSETCATALOG_COMPILER_APPICON_NAME = AppIcon;
				INFOPLIST_FILE = WhisperChallenge/Info.plist;
				LD_RUNPATH_SEARCH_PATHS = "$(inherited) @executable_path/Frameworks";
				PRODUCT_NAME = "$(TARGET_NAME)";
			};
			name = Release;
		};
		04D5B17F1AF262B10049CEC3 /* Debug */ = {
			isa = XCBuildConfiguration;
			buildSettings = {
				BUNDLE_LOADER = "$(TEST_HOST)";
				FRAMEWORK_SEARCH_PATHS = (
					"$(SDKROOT)/Developer/Library/Frameworks",
					"$(inherited)",
				);
				GCC_PREPROCESSOR_DEFINITIONS = (
					"DEBUG=1",
					"$(inherited)",
				);
				INFOPLIST_FILE = WhisperChallengeTests/Info.plist;
				LD_RUNPATH_SEARCH_PATHS = "$(inherited) @executable_path/Frameworks @loader_path/Frameworks";
				PRODUCT_NAME = "$(TARGET_NAME)";
				TEST_HOST = "$(BUILT_PRODUCTS_DIR)/WhisperChallenge.app/WhisperChallenge";
			};
			name = Debug;
		};
		04D5B1801AF262B10049CEC3 /* Release */ = {
			isa = XCBuildConfiguration;
			buildSettings = {
				BUNDLE_LOADER = "$(TEST_HOST)";
				FRAMEWORK_SEARCH_PATHS = (
					"$(SDKROOT)/Developer/Library/Frameworks",
					"$(inherited)",
				);
				INFOPLIST_FILE = WhisperChallengeTests/Info.plist;
				LD_RUNPATH_SEARCH_PATHS = "$(inherited) @executable_path/Frameworks @loader_path/Frameworks";
				PRODUCT_NAME = "$(TARGET_NAME)";
				TEST_HOST = "$(BUILT_PRODUCTS_DIR)/WhisperChallenge.app/WhisperChallenge";
			};
			name = Release;
		};
/* End XCBuildConfiguration section */

/* Begin XCConfigurationList section */
		04D5B1531AF262B10049CEC3 /* Build configuration list for PBXProject "WhisperChallenge" */ = {
			isa = XCConfigurationList;
			buildConfigurations = (
				04D5B1791AF262B10049CEC3 /* Debug */,
				04D5B17A1AF262B10049CEC3 /* Release */,
			);
			defaultConfigurationIsVisible = 0;
			defaultConfigurationName = Release;
		};
		04D5B17B1AF262B10049CEC3 /* Build configuration list for PBXNativeTarget "WhisperChallenge" */ = {
			isa = XCConfigurationList;
			buildConfigurations = (
				04D5B17C1AF262B10049CEC3 /* Debug */,
				04D5B17D1AF262B10049CEC3 /* Release */,
			);
			defaultConfigurationIsVisible = 0;
			defaultConfigurationName = Release;
		};
		04D5B17E1AF262B10049CEC3 /* Build configuration list for PBXNativeTarget "WhisperChallengeTests" */ = {
			isa = XCConfigurationList;
			buildConfigurations = (
				04D5B17F1AF262B10049CEC3 /* Debug */,
				04D5B1801AF262B10049CEC3 /* Release */,
			);
			defaultConfigurationIsVisible = 0;
			defaultConfigurationName = Release;
		};
/* End XCConfigurationList section */

/* Begin XCVersionGroup section */
		049B69A31AF2F9EA00928EDC /* WCDataModel.xcdatamodeld */ = {
			isa = XCVersionGroup;
			children = (
				049B69A41AF2F9EA00928EDC /* WCDataModel.xcdatamodel */,
			);
			currentVersion = 049B69A41AF2F9EA00928EDC /* WCDataModel.xcdatamodel */;
			path = WCDataModel.xcdatamodeld;
			sourceTree = "<group>";
			versionGroupType = wrapper.xcdatamodel;
		};
/* End XCVersionGroup section */
	};
	rootObject = 04D5B1501AF262B10049CEC3 /* Project object */;
}
